
Microsoft Visual Studio Solution File, Format Version 12.00
# Visual Studio Version 17
VisualStudioVersion = 17.5.33414.496
MinimumVisualStudioVersion = 10.0.40219.1
Project("{FAE04EC0-301F-11D3-BF4B-00C04F79EFBC}") = "ControlEscolar", "ControlEscolar\ControlEscolar.csproj", "{B4476A19-68EA-424E-99DB-69A396549D3F}"
EndProject
Global
	GlobalSection(SolutionConfigurationPlatforms) = preSolution
		Debug|Any CPU = Debug|Any CPU
		Release|Any CPU = Release|Any CPU
	EndGlobalSection
	GlobalSection(ProjectConfigurationPlatforms) = postSolution
		{B4476A19-68EA-424E-99DB-69A396549D3F}.Debug|Any CPU.ActiveCfg = Debug|Any CPU
		{B4476A19-68EA-424E-99DB-69A396549D3F}.Debug|Any CPU.Build.0 = Debug|Any CPU
		{B4476A19-68EA-424E-99DB-69A396549D3F}.Release|Any CPU.ActiveCfg = Release|Any CPU
		{B4476A19-68EA-424E-99DB-69A396549D3F}.Release|Any CPU.Build.0 = Release|Any CPU
	EndGlobalSection
	GlobalSection(SolutionProperties) = preSolution
		HideSolutionNode = FALSE
	EndGlobalSection
	GlobalSection(ExtensibilityGlobals) = postSolution
		SolutionGuid = {C02EA203-B517-4D57-9ED9-B9B5ECCD7411}
	EndGlobalSection
EndGlobal
